
Microsoft Visual Studio Solution File, Format Version 12.00
# Visual Studio Version 16
VisualStudioVersion = 16.0.31129.286
MinimumVisualStudioVersion = 10.0.40219.1
Project("{FAE04EC0-301F-11D3-BF4B-00C04F79EFBC}") = "BlazorWasmGithubActions.Server", "BlazorWasmGithubActions\Server\BlazorWasmGithubActions.Server.csproj", "{49BE331A-C867-4865-AF78-072E52E41506}"
EndProject
Project("{FAE04EC0-301F-11D3-BF4B-00C04F79EFBC}") = "BlazorWasmGithubActions.Client", "BlazorWasmGithubActions\Client\BlazorWasmGithubActions.Client.csproj", "{277016C3-0A02-4A27-B6EF-E34D8295930A}"
EndProject
Project("{FAE04EC0-301F-11D3-BF4B-00C04F79EFBC}") = "BlazorWasmGithubActions.Shared", "BlazorWasmGithubActions\Shared\BlazorWasmGithubActions.Shared.csproj", "{59C292FC-DCEE-4E50-B254-403EFF70C13C}"
EndProject
Global
	GlobalSection(SolutionConfigurationPlatforms) = preSolution
		Debug|Any CPU = Debug|Any CPU
		Release|Any CPU = Release|Any CPU
	EndGlobalSection
	GlobalSection(ProjectConfigurationPlatforms) = postSolution
		{49BE331A-C867-4865-AF78-072E52E41506}.Debug|Any CPU.ActiveCfg = Debug|Any CPU
		{49BE331A-C867-4865-AF78-072E52E41506}.Debug|Any CPU.Build.0 = Debug|Any CPU
		{49BE331A-C867-4865-AF78-072E52E41506}.Release|Any CPU.ActiveCfg = Release|Any CPU
		{49BE331A-C867-4865-AF78-072E52E41506}.Release|Any CPU.Build.0 = Release|Any CPU
		{277016C3-0A02-4A27-B6EF-E34D8295930A}.Debug|Any CPU.ActiveCfg = Debug|Any CPU
		{277016C3-0A02-4A27-B6EF-E34D8295930A}.Debug|Any CPU.Build.0 = Debug|Any CPU
		{277016C3-0A02-4A27-B6EF-E34D8295930A}.Release|Any CPU.ActiveCfg = Release|Any CPU
		{277016C3-0A02-4A27-B6EF-E34D8295930A}.Release|Any CPU.Build.0 = Release|Any CPU
		{59C292FC-DCEE-4E50-B254-403EFF70C13C}.Debug|Any CPU.ActiveCfg = Debug|Any CPU
		{59C292FC-DCEE-4E50-B254-403EFF70C13C}.Debug|Any CPU.Build.0 = Debug|Any CPU
		{59C292FC-DCEE-4E50-B254-403EFF70C13C}.Release|Any CPU.ActiveCfg = Release|Any CPU
		{59C292FC-DCEE-4E50-B254-403EFF70C13C}.Release|Any CPU.Build.0 = Release|Any CPU
	EndGlobalSection
	GlobalSection(SolutionProperties) = preSolution
		HideSolutionNode = FALSE
	EndGlobalSection
	GlobalSection(ExtensibilityGlobals) = postSolution
		SolutionGuid = {B8F72C0A-7747-4026-A59E-BA8F6388DD18}
	EndGlobalSection
EndGlobal
